
Microsoft Visual Studio Solution File, Format Version 11.00
# Visual Studio 2010
Project("{FAE04EC0-301F-11D3-BF4B-00C04F79EFBC}") = "CSharpLuaForUnity", "Assembly-CSharp.csproj", "{5CBB78DF-41AA-AC63-8B76-710BD18F30FA}"
EndProject
Project("{FAE04EC0-301F-11D3-BF4B-00C04F79EFBC}") = "CSharpLuaForUnity", "Assembly-CSharp-Editor.csproj", "{745B2203-0B75-36F9-0FBC-2A3361510F65}"
EndProject
Global
	GlobalSection(SolutionConfigurationPlatforms) = preSolution
		Debug|Any CPU = Debug|Any CPU
		Release|Any CPU = Release|Any CPU
	EndGlobalSection
	GlobalSection(ProjectConfigurationPlatforms) = postSolution
		{5CBB78DF-41AA-AC63-8B76-710BD18F30FA}.Debug|Any CPU.ActiveCfg = Debug|Any CPU
		{5CBB78DF-41AA-AC63-8B76-710BD18F30FA}.Debug|Any CPU.Build.0 = Debug|Any CPU
		{5CBB78DF-41AA-AC63-8B76-710BD18F30FA}.Release|Any CPU.ActiveCfg = Release|Any CPU
		{5CBB78DF-41AA-AC63-8B76-710BD18F30FA}.Release|Any CPU.Build.0 = Release|Any CPU
		{745B2203-0B75-36F9-0FBC-2A3361510F65}.Debug|Any CPU.ActiveCfg = Debug|Any CPU
		{745B2203-0B75-36F9-0FBC-2A3361510F65}.Debug|Any CPU.Build.0 = Debug|Any CPU
		{745B2203-0B75-36F9-0FBC-2A3361510F65}.Release|Any CPU.ActiveCfg = Release|Any CPU
		{745B2203-0B75-36F9-0FBC-2A3361510F65}.Release|Any CPU.Build.0 = Release|Any CPU
	EndGlobalSection
	GlobalSection(SolutionProperties) = preSolution
		HideSolutionNode = FALSE
	EndGlobalSection
	GlobalSection(MonoDevelopProperties) = preSolution
		StartupItem = Assembly-CSharp.csproj
	EndGlobalSection
EndGlobal
